// !$*UTF8*$!
{
	archiveVersion = 1;
	classes = {
	};
	objectVersion = 56;
	objects = {

/* Begin PBXBuildFile section */
		5B571E9A2AA641B90026EAF6 /* AppDelegate.swift in Sources */ = {isa = PBXBuildFile; fileRef = 5B571E992AA641B90026EAF6 /* AppDelegate.swift */; };
		5B571E9C2AA641B90026EAF6 /* SceneDelegate.swift in Sources */ = {isa = PBXBuildFile; fileRef = 5B571E9B2AA641B90026EAF6 /* SceneDelegate.swift */; };
		5B571EA12AA641B90026EAF6 /* Main.storyboard in Resources */ = {isa = PBXBuildFile; fileRef = 5B571E9F2AA641B90026EAF6 /* Main.storyboard */; };
		5B571EA32AA641BB0026EAF6 /* Assets.xcassets in Resources */ = {isa = PBXBuildFile; fileRef = 5B571EA22AA641BB0026EAF6 /* Assets.xcassets */; };
		5B571EA62AA641BB0026EAF6 /* LaunchScreen.storyboard in Resources */ = {isa = PBXBuildFile; fileRef = 5B571EA42AA641BB0026EAF6 /* LaunchScreen.storyboard */; };
		5B571EAE2AA6449F0026EAF6 /* ChangeRateViewController.swift in Sources */ = {isa = PBXBuildFile; fileRef = 5B571EAD2AA6449F0026EAF6 /* ChangeRateViewController.swift */; };
		5B571EB02AA644D60026EAF6 /* TranslationViewController.swift in Sources */ = {isa = PBXBuildFile; fileRef = 5B571EAF2AA644D60026EAF6 /* TranslationViewController.swift */; };
		5B571EB22AA644EB0026EAF6 /* WeatherViewController.swift in Sources */ = {isa = PBXBuildFile; fileRef = 5B571EB12AA644EB0026EAF6 /* WeatherViewController.swift */; };
		5BBA5A322AC33C7800064985 /* UIViewController+Helpers.swift in Sources */ = {isa = PBXBuildFile; fileRef = 5BBA5A312AC33C7800064985 /* UIViewController+Helpers.swift */; };
		5BBA5A342AC3401F00064985 /* TranslationUrlGenerator.swift in Sources */ = {isa = PBXBuildFile; fileRef = 5BBA5A332AC3401F00064985 /* TranslationUrlGenerator.swift */; };
		5BBA5A362AC3431000064985 /* TranslationServiceTest.swift in Sources */ = {isa = PBXBuildFile; fileRef = 5BBA5A352AC3431000064985 /* TranslationServiceTest.swift */; };
		5BBA5A3A2AC3458500064985 /* TranslationServiceUrlGeneratorFake.swift in Sources */ = {isa = PBXBuildFile; fileRef = 5BBA5A392AC3458500064985 /* TranslationServiceUrlGeneratorFake.swift */; };
		5BBA5A3C2AC347ED00064985 /* valid-translation.json in Resources */ = {isa = PBXBuildFile; fileRef = 5BBA5A3B2AC347ED00064985 /* valid-translation.json */; };
		5BBA5A402AC348CC00064985 /* XCTestCase+readLocalJSONFile.swift in Sources */ = {isa = PBXBuildFile; fileRef = 5BBA5A3F2AC348CC00064985 /* XCTestCase+readLocalJSONFile.swift */; };
		5BBA5A472AC38A0200064985 /* WeatherUrlGenerator.swift in Sources */ = {isa = PBXBuildFile; fileRef = 5BBA5A462AC38A0200064985 /* WeatherUrlGenerator.swift */; };
		5BBA5A4B2AC38CC800064985 /* weather-200.json in Resources */ = {isa = PBXBuildFile; fileRef = 5BBA5A4A2AC38CC800064985 /* weather-200.json */; };
		5BBA5A4F2AC38D3900064985 /* WeatherServiceUrlGeneratorFake.swift in Sources */ = {isa = PBXBuildFile; fileRef = 5BBA5A4E2AC38D3900064985 /* WeatherServiceUrlGeneratorFake.swift */; };
		5BBC759E2ABA071A00C97928 /* ChangeRateCache.swift in Sources */ = {isa = PBXBuildFile; fileRef = 5BBC759D2ABA071A00C97928 /* ChangeRateCache.swift */; };
		5BBC75A02ABA10A700C97928 /* InMemoryChangeRateCacheManager.swift in Sources */ = {isa = PBXBuildFile; fileRef = 5BBC759F2ABA10A700C97928 /* InMemoryChangeRateCacheManager.swift */; };
		5BBC75A22ABA14B300C97928 /* DateHelper.swift in Sources */ = {isa = PBXBuildFile; fileRef = 5BBC75A12ABA14B300C97928 /* DateHelper.swift */; };
		5BBC75A42ABA59CA00C97928 /* WeatherServiceTest.swift in Sources */ = {isa = PBXBuildFile; fileRef = 5BBC75A32ABA59CA00C97928 /* WeatherServiceTest.swift */; };
		5BBC75A62ABB0AB500C97928 /* ChangeRateUrlGenerator.swift in Sources */ = {isa = PBXBuildFile; fileRef = 5BBC75A52ABB0AB500C97928 /* ChangeRateUrlGenerator.swift */; };
		5BBC75A82ABB0BF800C97928 /* ChangeRateCalculatorUrlGeneratorFake.swift in Sources */ = {isa = PBXBuildFile; fileRef = 5BBC75A72ABB0BF800C97928 /* ChangeRateCalculatorUrlGeneratorFake.swift */; };
		5BF856C62AA76EF900758782 /* Asap-Regular.otf in Resources */ = {isa = PBXBuildFile; fileRef = 5BF856C52AA76EF900758782 /* Asap-Regular.otf */; };
		5BF856C92AA76F1800758782 /* Montserrat-Regular.otf in Resources */ = {isa = PBXBuildFile; fileRef = 5BF856C72AA76F1800758782 /* Montserrat-Regular.otf */; };
		5BF856CA2AA76F1800758782 /* Montserrat-Bold.otf in Resources */ = {isa = PBXBuildFile; fileRef = 5BF856C82AA76F1800758782 /* Montserrat-Bold.otf */; };
		5BF856CC2AA76F2200758782 /* Asap-Bold.otf in Resources */ = {isa = PBXBuildFile; fileRef = 5BF856CB2AA76F2200758782 /* Asap-Bold.otf */; };
		5BF856D22AA79B7E00758782 /* ChangeRateService.swift in Sources */ = {isa = PBXBuildFile; fileRef = 5BF856D12AA79B7E00758782 /* ChangeRateService.swift */; };
		5BF856D62AA7AA8F00758782 /* ChangeRate.swift in Sources */ = {isa = PBXBuildFile; fileRef = 5BF856D52AA7AA8F00758782 /* ChangeRate.swift */; };
		5BFA577D2AB34BF600CA14CE /* TranslationService.swift in Sources */ = {isa = PBXBuildFile; fileRef = 5BFA577C2AB34BF600CA14CE /* TranslationService.swift */; };
		5BFA57802AB352A400CA14CE /* Translation.swift in Sources */ = {isa = PBXBuildFile; fileRef = 5BFA577F2AB352A400CA14CE /* Translation.swift */; };
		5BFA57822AB36B5600CA14CE /* Weather.swift in Sources */ = {isa = PBXBuildFile; fileRef = 5BFA57812AB36B5600CA14CE /* Weather.swift */; };
		5BFA57842AB36E5200CA14CE /* WeatherService.swift in Sources */ = {isa = PBXBuildFile; fileRef = 5BFA57832AB36E5200CA14CE /* WeatherService.swift */; };
		5BFA57862AB376B600CA14CE /* UIImageView+load.swift in Sources */ = {isa = PBXBuildFile; fileRef = 5BFA57852AB376B600CA14CE /* UIImageView+load.swift */; };
		5BFA57882AB3820500CA14CE /* String+capitalizedSentence.swift in Sources */ = {isa = PBXBuildFile; fileRef = 5BFA57872AB3820500CA14CE /* String+capitalizedSentence.swift */; };
		5BFA57A92AB3A71A00CA14CE /* ChangeRateCalculatorTest.swift in Sources */ = {isa = PBXBuildFile; fileRef = 5BFA57A82AB3A71A00CA14CE /* ChangeRateCalculatorTest.swift */; };
		5BFA57AD2AB3AA8A00CA14CE /* K.swift in Sources */ = {isa = PBXBuildFile; fileRef = 5BFA57AC2AB3AA8A00CA14CE /* K.swift */; };
		5BFA57B32AB3B2B300CA14CE /* valid-rates.json in Resources */ = {isa = PBXBuildFile; fileRef = 5BFA57B22AB3B2B300CA14CE /* valid-rates.json */; };
		5BFA57B52AB45AD900CA14CE /* NetworkError.swift in Sources */ = {isa = PBXBuildFile; fileRef = 5BFA57B42AB45AD900CA14CE /* NetworkError.swift */; };
		5BFA57BB2AB86EDC00CA14CE /* URLProtocolStub.swift in Sources */ = {isa = PBXBuildFile; fileRef = 5BFA57BA2AB86EDC00CA14CE /* URLProtocolStub.swift */; };
		5BFA57BD2AB87FE700CA14CE /* invalid-rates.json in Resources */ = {isa = PBXBuildFile; fileRef = 5BFA57BC2AB87FE700CA14CE /* invalid-rates.json */; };
/* End PBXBuildFile section */

/* Begin PBXContainerItemProxy section */
		5BFA57A02AB3A68100CA14CE /* PBXContainerItemProxy */ = {
			isa = PBXContainerItemProxy;
			containerPortal = 5B571E8E2AA641B90026EAF6 /* Project object */;
			proxyType = 1;
			remoteGlobalIDString = 5B571E952AA641B90026EAF6;
			remoteInfo = AmericanDream;
		};
/* End PBXContainerItemProxy section */

/* Begin PBXFileReference section */
		5B571E962AA641B90026EAF6 /* AmericanDream.app */ = {isa = PBXFileReference; explicitFileType = wrapper.application; includeInIndex = 0; path = AmericanDream.app; sourceTree = BUILT_PRODUCTS_DIR; };
		5B571E992AA641B90026EAF6 /* AppDelegate.swift */ = {isa = PBXFileReference; lastKnownFileType = sourcecode.swift; path = AppDelegate.swift; sourceTree = "<group>"; };
		5B571E9B2AA641B90026EAF6 /* SceneDelegate.swift */ = {isa = PBXFileReference; lastKnownFileType = sourcecode.swift; path = SceneDelegate.swift; sourceTree = "<group>"; };
		5B571EA02AA641B90026EAF6 /* Base */ = {isa = PBXFileReference; lastKnownFileType = file.storyboard; name = Base; path = Base.lproj/Main.storyboard; sourceTree = "<group>"; };
		5B571EA22AA641BB0026EAF6 /* Assets.xcassets */ = {isa = PBXFileReference; lastKnownFileType = folder.assetcatalog; path = Assets.xcassets; sourceTree = "<group>"; };
		5B571EA52AA641BB0026EAF6 /* Base */ = {isa = PBXFileReference; lastKnownFileType = file.storyboard; name = Base; path = Base.lproj/LaunchScreen.storyboard; sourceTree = "<group>"; };
		5B571EA72AA641BB0026EAF6 /* Info.plist */ = {isa = PBXFileReference; lastKnownFileType = text.plist.xml; path = Info.plist; sourceTree = "<group>"; };
		5B571EAD2AA6449F0026EAF6 /* ChangeRateViewController.swift */ = {isa = PBXFileReference; lastKnownFileType = sourcecode.swift; path = ChangeRateViewController.swift; sourceTree = "<group>"; };
		5B571EAF2AA644D60026EAF6 /* TranslationViewController.swift */ = {isa = PBXFileReference; lastKnownFileType = sourcecode.swift; path = TranslationViewController.swift; sourceTree = "<group>"; };
		5B571EB12AA644EB0026EAF6 /* WeatherViewController.swift */ = {isa = PBXFileReference; lastKnownFileType = sourcecode.swift; path = WeatherViewController.swift; sourceTree = "<group>"; };
		5BBA5A312AC33C7800064985 /* UIViewController+Helpers.swift */ = {isa = PBXFileReference; lastKnownFileType = sourcecode.swift; path = "UIViewController+Helpers.swift"; sourceTree = "<group>"; };
		5BBA5A332AC3401F00064985 /* TranslationUrlGenerator.swift */ = {isa = PBXFileReference; lastKnownFileType = sourcecode.swift; path = TranslationUrlGenerator.swift; sourceTree = "<group>"; };
		5BBA5A352AC3431000064985 /* TranslationServiceTest.swift */ = {isa = PBXFileReference; lastKnownFileType = sourcecode.swift; path = TranslationServiceTest.swift; sourceTree = "<group>"; };
		5BBA5A392AC3458500064985 /* TranslationServiceUrlGeneratorFake.swift */ = {isa = PBXFileReference; lastKnownFileType = sourcecode.swift; path = TranslationServiceUrlGeneratorFake.swift; sourceTree = "<group>"; };
		5BBA5A3B2AC347ED00064985 /* valid-translation.json */ = {isa = PBXFileReference; lastKnownFileType = text.json; path = "valid-translation.json"; sourceTree = "<group>"; };
		5BBA5A3F2AC348CC00064985 /* XCTestCase+readLocalJSONFile.swift */ = {isa = PBXFileReference; lastKnownFileType = sourcecode.swift; path = "XCTestCase+readLocalJSONFile.swift"; sourceTree = "<group>"; };
		5BBA5A462AC38A0200064985 /* WeatherUrlGenerator.swift */ = {isa = PBXFileReference; lastKnownFileType = sourcecode.swift; path = WeatherUrlGenerator.swift; sourceTree = "<group>"; };
		5BBA5A4A2AC38CC800064985 /* weather-200.json */ = {isa = PBXFileReference; lastKnownFileType = text.json; path = "weather-200.json"; sourceTree = "<group>"; };
		5BBA5A4E2AC38D3900064985 /* WeatherServiceUrlGeneratorFake.swift */ = {isa = PBXFileReference; lastKnownFileType = sourcecode.swift; path = WeatherServiceUrlGeneratorFake.swift; sourceTree = "<group>"; };
		5BBC759D2ABA071A00C97928 /* ChangeRateCache.swift */ = {isa = PBXFileReference; lastKnownFileType = sourcecode.swift; path = ChangeRateCache.swift; sourceTree = "<group>"; };
		5BBC759F2ABA10A700C97928 /* InMemoryChangeRateCacheManager.swift */ = {isa = PBXFileReference; lastKnownFileType = sourcecode.swift; path = InMemoryChangeRateCacheManager.swift; sourceTree = "<group>"; };
		5BBC75A12ABA14B300C97928 /* DateHelper.swift */ = {isa = PBXFileReference; lastKnownFileType = sourcecode.swift; path = DateHelper.swift; sourceTree = "<group>"; };
		5BBC75A32ABA59CA00C97928 /* WeatherServiceTest.swift */ = {isa = PBXFileReference; lastKnownFileType = sourcecode.swift; path = WeatherServiceTest.swift; sourceTree = "<group>"; };
		5BBC75A52ABB0AB500C97928 /* ChangeRateUrlGenerator.swift */ = {isa = PBXFileReference; lastKnownFileType = sourcecode.swift; path = ChangeRateUrlGenerator.swift; sourceTree = "<group>"; };
		5BBC75A72ABB0BF800C97928 /* ChangeRateCalculatorUrlGeneratorFake.swift */ = {isa = PBXFileReference; lastKnownFileType = sourcecode.swift; path = ChangeRateCalculatorUrlGeneratorFake.swift; sourceTree = "<group>"; };
		5BC32C122AB9EA36000CC9A1 /* AmericanDream.xctestplan */ = {isa = PBXFileReference; lastKnownFileType = text; path = AmericanDream.xctestplan; sourceTree = "<group>"; };
		5BF856C52AA76EF900758782 /* Asap-Regular.otf */ = {isa = PBXFileReference; lastKnownFileType = file; path = "Asap-Regular.otf"; sourceTree = "<group>"; };
		5BF856C72AA76F1800758782 /* Montserrat-Regular.otf */ = {isa = PBXFileReference; lastKnownFileType = file; path = "Montserrat-Regular.otf"; sourceTree = "<group>"; };
		5BF856C82AA76F1800758782 /* Montserrat-Bold.otf */ = {isa = PBXFileReference; lastKnownFileType = file; path = "Montserrat-Bold.otf"; sourceTree = "<group>"; };
		5BF856CB2AA76F2200758782 /* Asap-Bold.otf */ = {isa = PBXFileReference; lastKnownFileType = file; path = "Asap-Bold.otf"; sourceTree = "<group>"; };
		5BF856D12AA79B7E00758782 /* ChangeRateService.swift */ = {isa = PBXFileReference; lastKnownFileType = sourcecode.swift; path = ChangeRateService.swift; sourceTree = "<group>"; };
		5BF856D52AA7AA8F00758782 /* ChangeRate.swift */ = {isa = PBXFileReference; lastKnownFileType = sourcecode.swift; path = ChangeRate.swift; sourceTree = "<group>"; };
		5BFA577C2AB34BF600CA14CE /* TranslationService.swift */ = {isa = PBXFileReference; lastKnownFileType = sourcecode.swift; path = TranslationService.swift; sourceTree = "<group>"; };
		5BFA577F2AB352A400CA14CE /* Translation.swift */ = {isa = PBXFileReference; lastKnownFileType = sourcecode.swift; path = Translation.swift; sourceTree = "<group>"; };
		5BFA57812AB36B5600CA14CE /* Weather.swift */ = {isa = PBXFileReference; lastKnownFileType = sourcecode.swift; path = Weather.swift; sourceTree = "<group>"; };
		5BFA57832AB36E5200CA14CE /* WeatherService.swift */ = {isa = PBXFileReference; lastKnownFileType = sourcecode.swift; path = WeatherService.swift; sourceTree = "<group>"; };
		5BFA57852AB376B600CA14CE /* UIImageView+load.swift */ = {isa = PBXFileReference; lastKnownFileType = sourcecode.swift; path = "UIImageView+load.swift"; sourceTree = "<group>"; };
		5BFA57872AB3820500CA14CE /* String+capitalizedSentence.swift */ = {isa = PBXFileReference; lastKnownFileType = sourcecode.swift; path = "String+capitalizedSentence.swift"; sourceTree = "<group>"; };
		5BFA579C2AB3A68100CA14CE /* AmericanDreamTests.xctest */ = {isa = PBXFileReference; explicitFileType = wrapper.cfbundle; includeInIndex = 0; path = AmericanDreamTests.xctest; sourceTree = BUILT_PRODUCTS_DIR; };
		5BFA57A82AB3A71A00CA14CE /* ChangeRateCalculatorTest.swift */ = {isa = PBXFileReference; lastKnownFileType = sourcecode.swift; path = ChangeRateCalculatorTest.swift; sourceTree = "<group>"; };
		5BFA57AC2AB3AA8A00CA14CE /* K.swift */ = {isa = PBXFileReference; lastKnownFileType = sourcecode.swift; path = K.swift; sourceTree = "<group>"; };
		5BFA57B22AB3B2B300CA14CE /* valid-rates.json */ = {isa = PBXFileReference; explicitFileType = text.json; path = "valid-rates.json"; sourceTree = "<group>"; };
		5BFA57B42AB45AD900CA14CE /* NetworkError.swift */ = {isa = PBXFileReference; lastKnownFileType = sourcecode.swift; path = NetworkError.swift; sourceTree = "<group>"; };
		5BFA57BA2AB86EDC00CA14CE /* URLProtocolStub.swift */ = {isa = PBXFileReference; lastKnownFileType = sourcecode.swift; path = URLProtocolStub.swift; sourceTree = "<group>"; };
		5BFA57BC2AB87FE700CA14CE /* invalid-rates.json */ = {isa = PBXFileReference; explicitFileType = text.json; path = "invalid-rates.json"; sourceTree = "<group>"; };
/* End PBXFileReference section */

/* Begin PBXFrameworksBuildPhase section */
		5B571E932AA641B90026EAF6 /* Frameworks */ = {
			isa = PBXFrameworksBuildPhase;
			buildActionMask = 2147483647;
			files = (
			);
			runOnlyForDeploymentPostprocessing = 0;
		};
		5BFA57992AB3A68100CA14CE /* Frameworks */ = {
			isa = PBXFrameworksBuildPhase;
			buildActionMask = 2147483647;
			files = (
			);
			runOnlyForDeploymentPostprocessing = 0;
		};
/* End PBXFrameworksBuildPhase section */

/* Begin PBXGroup section */
		5B571E8D2AA641B90026EAF6 = {
			isa = PBXGroup;
			children = (
				5BC32C122AB9EA36000CC9A1 /* AmericanDream.xctestplan */,
				5B571E982AA641B90026EAF6 /* AmericanDream */,
				5BFA579D2AB3A68100CA14CE /* AmericanDreamTests */,
				5B571E972AA641B90026EAF6 /* Products */,
			);
			sourceTree = "<group>";
		};
		5B571E972AA641B90026EAF6 /* Products */ = {
			isa = PBXGroup;
			children = (
				5B571E962AA641B90026EAF6 /* AmericanDream.app */,
				5BFA579C2AB3A68100CA14CE /* AmericanDreamTests.xctest */,
			);
			name = Products;
			sourceTree = "<group>";
		};
		5B571E982AA641B90026EAF6 /* AmericanDream */ = {
			isa = PBXGroup;
			children = (
				5BF856CE2AA7834300758782 /* Helpers */,
				5B571EB32AA644F20026EAF6 /* Model */,
				5B571EB52AA645030026EAF6 /* View */,
				5B571EB42AA644FA0026EAF6 /* Controller */,
				5BF856CD2AA76F2A00758782 /* Fonts */,
				5B571E992AA641B90026EAF6 /* AppDelegate.swift */,
				5B571E9B2AA641B90026EAF6 /* SceneDelegate.swift */,
				5B571EA22AA641BB0026EAF6 /* Assets.xcassets */,
				5B571EA72AA641BB0026EAF6 /* Info.plist */,
			);
			path = AmericanDream;
			sourceTree = "<group>";
		};
		5B571EB32AA644F20026EAF6 /* Model */ = {
			isa = PBXGroup;
			children = (
				5BBA5A412AC34BC900064985 /* ChangeRate */,
				5BBA5A422AC34BD700064985 /* Translation */,
				5BBA5A432AC34BE300064985 /* Weather */,
			);
			path = Model;
			sourceTree = "<group>";
		};
		5B571EB42AA644FA0026EAF6 /* Controller */ = {
			isa = PBXGroup;
			children = (
				5B571EAD2AA6449F0026EAF6 /* ChangeRateViewController.swift */,
				5B571EAF2AA644D60026EAF6 /* TranslationViewController.swift */,
				5B571EB12AA644EB0026EAF6 /* WeatherViewController.swift */,
			);
			path = Controller;
			sourceTree = "<group>";
		};
		5B571EB52AA645030026EAF6 /* View */ = {
			isa = PBXGroup;
			children = (
				5B571E9F2AA641B90026EAF6 /* Main.storyboard */,
				5B571EA42AA641BB0026EAF6 /* LaunchScreen.storyboard */,
			);
			path = View;
			sourceTree = "<group>";
		};
		5BBA5A412AC34BC900064985 /* ChangeRate */ = {
			isa = PBXGroup;
			children = (
				5BF856D52AA7AA8F00758782 /* ChangeRate.swift */,
				5BF856D12AA79B7E00758782 /* ChangeRateService.swift */,
				5BBC759D2ABA071A00C97928 /* ChangeRateCache.swift */,
				5BBC75A52ABB0AB500C97928 /* ChangeRateUrlGenerator.swift */,
			);
			path = ChangeRate;
			sourceTree = "<group>";
		};
		5BBA5A422AC34BD700064985 /* Translation */ = {
			isa = PBXGroup;
			children = (
				5BFA577F2AB352A400CA14CE /* Translation.swift */,
				5BFA577C2AB34BF600CA14CE /* TranslationService.swift */,
				5BBA5A332AC3401F00064985 /* TranslationUrlGenerator.swift */,
			);
			path = Translation;
			sourceTree = "<group>";
		};
		5BBA5A432AC34BE300064985 /* Weather */ = {
			isa = PBXGroup;
			children = (
				5BFA57812AB36B5600CA14CE /* Weather.swift */,
				5BFA57832AB36E5200CA14CE /* WeatherService.swift */,
				5BBA5A462AC38A0200064985 /* WeatherUrlGenerator.swift */,
			);
			path = Weather;
			sourceTree = "<group>";
		};
		5BD2B7662AC3960600D72B04 /* ChangeRate */ = {
			isa = PBXGroup;
			children = (
				5BFA57A82AB3A71A00CA14CE /* ChangeRateCalculatorTest.swift */,
				5BBC759F2ABA10A700C97928 /* InMemoryChangeRateCacheManager.swift */,
				5BFA57B22AB3B2B300CA14CE /* valid-rates.json */,
				5BFA57BC2AB87FE700CA14CE /* invalid-rates.json */,
				5BBC75A72ABB0BF800C97928 /* ChangeRateCalculatorUrlGeneratorFake.swift */,
			);
			path = ChangeRate;
			sourceTree = "<group>";
		};
		5BD2B7672AC3960C00D72B04 /* Translation */ = {
			isa = PBXGroup;
			children = (
				5BBA5A352AC3431000064985 /* TranslationServiceTest.swift */,
				5BBA5A392AC3458500064985 /* TranslationServiceUrlGeneratorFake.swift */,
				5BBA5A3B2AC347ED00064985 /* valid-translation.json */,
			);
			path = Translation;
			sourceTree = "<group>";
		};
		5BD2B7682AC3963400D72B04 /* Weather */ = {
			isa = PBXGroup;
			children = (
				5BBC75A32ABA59CA00C97928 /* WeatherServiceTest.swift */,
				5BBA5A4A2AC38CC800064985 /* weather-200.json */,
				5BBA5A4E2AC38D3900064985 /* WeatherServiceUrlGeneratorFake.swift */,
			);
			path = Weather;
			sourceTree = "<group>";
		};
		5BF856CD2AA76F2A00758782 /* Fonts */ = {
			isa = PBXGroup;
			children = (
				5BF856C52AA76EF900758782 /* Asap-Regular.otf */,
				5BF856C82AA76F1800758782 /* Montserrat-Bold.otf */,
				5BF856C72AA76F1800758782 /* Montserrat-Regular.otf */,
				5BF856CB2AA76F2200758782 /* Asap-Bold.otf */,
			);
			path = Fonts;
			sourceTree = "<group>";
		};
		5BF856CE2AA7834300758782 /* Helpers */ = {
			isa = PBXGroup;
			children = (
				5BFA57AC2AB3AA8A00CA14CE /* K.swift */,
				5BFA57852AB376B600CA14CE /* UIImageView+load.swift */,
				5BFA57872AB3820500CA14CE /* String+capitalizedSentence.swift */,
				5BFA57B42AB45AD900CA14CE /* NetworkError.swift */,
				5BBC75A12ABA14B300C97928 /* DateHelper.swift */,
				5BBA5A312AC33C7800064985 /* UIViewController+Helpers.swift */,
			);
			path = Helpers;
			sourceTree = "<group>";
		};
		5BFA579D2AB3A68100CA14CE /* AmericanDreamTests */ = {
			isa = PBXGroup;
			children = (
				5BD2B7662AC3960600D72B04 /* ChangeRate */,
				5BD2B7672AC3960C00D72B04 /* Translation */,
				5BD2B7682AC3963400D72B04 /* Weather */,
				5BFA57BA2AB86EDC00CA14CE /* URLProtocolStub.swift */,
				5BBA5A3F2AC348CC00064985 /* XCTestCase+readLocalJSONFile.swift */,
			);
			path = AmericanDreamTests;
			sourceTree = "<group>";
		};
/* End PBXGroup section */

/* Begin PBXNativeTarget section */
		5B571E952AA641B90026EAF6 /* AmericanDream */ = {
			isa = PBXNativeTarget;
			buildConfigurationList = 5B571EAA2AA641BB0026EAF6 /* Build configuration list for PBXNativeTarget "AmericanDream" */;
			buildPhases = (
				5B571E922AA641B90026EAF6 /* Sources */,
				5B571E932AA641B90026EAF6 /* Frameworks */,
				5B571E942AA641B90026EAF6 /* Resources */,
			);
			buildRules = (
			);
			dependencies = (
			);
			name = AmericanDream;
			productName = AmericanDream;
			productReference = 5B571E962AA641B90026EAF6 /* AmericanDream.app */;
			productType = "com.apple.product-type.application";
		};
		5BFA579B2AB3A68100CA14CE /* AmericanDreamTests */ = {
			isa = PBXNativeTarget;
			buildConfigurationList = 5BFA57A22AB3A68100CA14CE /* Build configuration list for PBXNativeTarget "AmericanDreamTests" */;
			buildPhases = (
				5BFA57982AB3A68100CA14CE /* Sources */,
				5BFA57992AB3A68100CA14CE /* Frameworks */,
				5BFA579A2AB3A68100CA14CE /* Resources */,
			);
			buildRules = (
			);
			dependencies = (
				5BFA57A12AB3A68100CA14CE /* PBXTargetDependency */,
			);
			name = AmericanDreamTests;
			productName = AmericanDreamTests;
			productReference = 5BFA579C2AB3A68100CA14CE /* AmericanDreamTests.xctest */;
			productType = "com.apple.product-type.bundle.unit-test";
		};
/* End PBXNativeTarget section */

/* Begin PBXProject section */
		5B571E8E2AA641B90026EAF6 /* Project object */ = {
			isa = PBXProject;
			attributes = {
				BuildIndependentTargetsInParallel = 1;
				LastSwiftUpdateCheck = 1430;
				LastUpgradeCheck = 1430;
				TargetAttributes = {
					5B571E952AA641B90026EAF6 = {
						CreatedOnToolsVersion = 14.3;
					};
					5BFA579B2AB3A68100CA14CE = {
						CreatedOnToolsVersion = 14.3;
						LastSwiftMigration = 1430;
						TestTargetID = 5B571E952AA641B90026EAF6;
					};
				};
			};
			buildConfigurationList = 5B571E912AA641B90026EAF6 /* Build configuration list for PBXProject "AmericanDream" */;
			compatibilityVersion = "Xcode 14.0";
			developmentRegion = en;
			hasScannedForEncodings = 0;
			knownRegions = (
				en,
				Base,
			);
			mainGroup = 5B571E8D2AA641B90026EAF6;
			productRefGroup = 5B571E972AA641B90026EAF6 /* Products */;
			projectDirPath = "";
			projectRoot = "";
			targets = (
				5B571E952AA641B90026EAF6 /* AmericanDream */,
				5BFA579B2AB3A68100CA14CE /* AmericanDreamTests */,
			);
		};
/* End PBXProject section */

/* Begin PBXResourcesBuildPhase section */
		5B571E942AA641B90026EAF6 /* Resources */ = {
			isa = PBXResourcesBuildPhase;
			buildActionMask = 2147483647;
			files = (
				5B571EA62AA641BB0026EAF6 /* LaunchScreen.storyboard in Resources */,
				5B571EA32AA641BB0026EAF6 /* Assets.xcassets in Resources */,
				5B571EA12AA641B90026EAF6 /* Main.storyboard in Resources */,
				5BF856C92AA76F1800758782 /* Montserrat-Regular.otf in Resources */,
				5BF856CC2AA76F2200758782 /* Asap-Bold.otf in Resources */,
				5BF856C62AA76EF900758782 /* Asap-Regular.otf in Resources */,
				5BF856CA2AA76F1800758782 /* Montserrat-Bold.otf in Resources */,
			);
			runOnlyForDeploymentPostprocessing = 0;
		};
		5BFA579A2AB3A68100CA14CE /* Resources */ = {
			isa = PBXResourcesBuildPhase;
			buildActionMask = 2147483647;
			files = (
				5BBA5A4B2AC38CC800064985 /* weather-200.json in Resources */,
				5BFA57B32AB3B2B300CA14CE /* valid-rates.json in Resources */,
				5BBA5A3C2AC347ED00064985 /* valid-translation.json in Resources */,
				5BFA57BD2AB87FE700CA14CE /* invalid-rates.json in Resources */,
			);
			runOnlyForDeploymentPostprocessing = 0;
		};
/* End PBXResourcesBuildPhase section */

/* Begin PBXSourcesBuildPhase section */
		5B571E922AA641B90026EAF6 /* Sources */ = {
			isa = PBXSourcesBuildPhase;
			buildActionMask = 2147483647;
			files = (
				5B571EB22AA644EB0026EAF6 /* WeatherViewController.swift in Sources */,
				5BFA57AD2AB3AA8A00CA14CE /* K.swift in Sources */,
				5BFA577D2AB34BF600CA14CE /* TranslationService.swift in Sources */,
				5B571E9A2AA641B90026EAF6 /* AppDelegate.swift in Sources */,
				5B571EAE2AA6449F0026EAF6 /* ChangeRateViewController.swift in Sources */,
				5BBC759E2ABA071A00C97928 /* ChangeRateCache.swift in Sources */,
				5B571E9C2AA641B90026EAF6 /* SceneDelegate.swift in Sources */,
				5BFA57862AB376B600CA14CE /* UIImageView+load.swift in Sources */,
				5BBC75A22ABA14B300C97928 /* DateHelper.swift in Sources */,
				5BFA57882AB3820500CA14CE /* String+capitalizedSentence.swift in Sources */,
				5B571EB02AA644D60026EAF6 /* TranslationViewController.swift in Sources */,
				5BBA5A342AC3401F00064985 /* TranslationUrlGenerator.swift in Sources */,
				5BBA5A322AC33C7800064985 /* UIViewController+Helpers.swift in Sources */,
				5BFA57842AB36E5200CA14CE /* WeatherService.swift in Sources */,
				5BF856D22AA79B7E00758782 /* ChangeRateService.swift in Sources */,
				5BFA57802AB352A400CA14CE /* Translation.swift in Sources */,
				5BBA5A472AC38A0200064985 /* WeatherUrlGenerator.swift in Sources */,
				5BFA57B52AB45AD900CA14CE /* NetworkError.swift in Sources */,
				5BFA57822AB36B5600CA14CE /* Weather.swift in Sources */,
				5BF856D62AA7AA8F00758782 /* ChangeRate.swift in Sources */,
				5BBC75A62ABB0AB500C97928 /* ChangeRateUrlGenerator.swift in Sources */,
			);
			runOnlyForDeploymentPostprocessing = 0;
		};
		5BFA57982AB3A68100CA14CE /* Sources */ = {
			isa = PBXSourcesBuildPhase;
			buildActionMask = 2147483647;
			files = (
				5BBA5A4F2AC38D3900064985 /* WeatherServiceUrlGeneratorFake.swift in Sources */,
				5BBA5A402AC348CC00064985 /* XCTestCase+readLocalJSONFile.swift in Sources */,
				5BBC75A42ABA59CA00C97928 /* WeatherServiceTest.swift in Sources */,
				5BBC75A82ABB0BF800C97928 /* ChangeRateCalculatorUrlGeneratorFake.swift in Sources */,
				5BBA5A3A2AC3458500064985 /* TranslationServiceUrlGeneratorFake.swift in Sources */,
				5BBC75A02ABA10A700C97928 /* InMemoryChangeRateCacheManager.swift in Sources */,
				5BBA5A362AC3431000064985 /* TranslationServiceTest.swift in Sources */,
				5BFA57A92AB3A71A00CA14CE /* ChangeRateCalculatorTest.swift in Sources */,
				5BFA57BB2AB86EDC00CA14CE /* URLProtocolStub.swift in Sources */,
			);
			runOnlyForDeploymentPostprocessing = 0;
		};
/* End PBXSourcesBuildPhase section */

/* Begin PBXTargetDependency section */
		5BFA57A12AB3A68100CA14CE /* PBXTargetDependency */ = {
			isa = PBXTargetDependency;
			target = 5B571E952AA641B90026EAF6 /* AmericanDream */;
			targetProxy = 5BFA57A02AB3A68100CA14CE /* PBXContainerItemProxy */;
		};
/* End PBXTargetDependency section */

/* Begin PBXVariantGroup section */
		5B571E9F2AA641B90026EAF6 /* Main.storyboard */ = {
			isa = PBXVariantGroup;
			children = (
				5B571EA02AA641B90026EAF6 /* Base */,
			);
			name = Main.storyboard;
			sourceTree = "<group>";
		};
		5B571EA42AA641BB0026EAF6 /* LaunchScreen.storyboard */ = {
			isa = PBXVariantGroup;
			children = (
				5B571EA52AA641BB0026EAF6 /* Base */,
			);
			name = LaunchScreen.storyboard;
			sourceTree = "<group>";
		};
/* End PBXVariantGroup section */

/* Begin XCBuildConfiguration section */
		5B571EA82AA641BB0026EAF6 /* Debug */ = {
			isa = XCBuildConfiguration;
			buildSettings = {
				ALWAYS_SEARCH_USER_PATHS = NO;
				CLANG_ANALYZER_NONNULL = YES;
				CLANG_ANALYZER_NUMBER_OBJECT_CONVERSION = YES_AGGRESSIVE;
				CLANG_CXX_LANGUAGE_STANDARD = "gnu++20";
				CLANG_ENABLE_MODULES = YES;
				CLANG_ENABLE_OBJC_ARC = YES;
				CLANG_ENABLE_OBJC_WEAK = YES;
				CLANG_WARN_BLOCK_CAPTURE_AUTORELEASING = YES;
				CLANG_WARN_BOOL_CONVERSION = YES;
				CLANG_WARN_COMMA = YES;
				CLANG_WARN_CONSTANT_CONVERSION = YES;
				CLANG_WARN_DEPRECATED_OBJC_IMPLEMENTATIONS = YES;
				CLANG_WARN_DIRECT_OBJC_ISA_USAGE = YES_ERROR;
				CLANG_WARN_DOCUMENTATION_COMMENTS = YES;
				CLANG_WARN_EMPTY_BODY = YES;
				CLANG_WARN_ENUM_CONVERSION = YES;
				CLANG_WARN_INFINITE_RECURSION = YES;
				CLANG_WARN_INT_CONVERSION = YES;
				CLANG_WARN_NON_LITERAL_NULL_CONVERSION = YES;
				CLANG_WARN_OBJC_IMPLICIT_RETAIN_SELF = YES;
				CLANG_WARN_OBJC_LITERAL_CONVERSION = YES;
				CLANG_WARN_OBJC_ROOT_CLASS = YES_ERROR;
				CLANG_WARN_QUOTED_INCLUDE_IN_FRAMEWORK_HEADER = YES;
				CLANG_WARN_RANGE_LOOP_ANALYSIS = YES;
				CLANG_WARN_STRICT_PROTOTYPES = YES;
				CLANG_WARN_SUSPICIOUS_MOVE = YES;
				CLANG_WARN_UNGUARDED_AVAILABILITY = YES_AGGRESSIVE;
				CLANG_WARN_UNREACHABLE_CODE = YES;
				CLANG_WARN__DUPLICATE_METHOD_MATCH = YES;
				COPY_PHASE_STRIP = NO;
				DEBUG_INFORMATION_FORMAT = dwarf;
				ENABLE_STRICT_OBJC_MSGSEND = YES;
				ENABLE_TESTABILITY = YES;
				GCC_C_LANGUAGE_STANDARD = gnu11;
				GCC_DYNAMIC_NO_PIC = NO;
				GCC_NO_COMMON_BLOCKS = YES;
				GCC_OPTIMIZATION_LEVEL = 0;
				GCC_PREPROCESSOR_DEFINITIONS = (
					"DEBUG=1",
					"$(inherited)",
				);
				GCC_WARN_64_TO_32_BIT_CONVERSION = YES;
				GCC_WARN_ABOUT_RETURN_TYPE = YES_ERROR;
				GCC_WARN_UNDECLARED_SELECTOR = YES;
				GCC_WARN_UNINITIALIZED_AUTOS = YES_AGGRESSIVE;
				GCC_WARN_UNUSED_FUNCTION = YES;
				GCC_WARN_UNUSED_VARIABLE = YES;
				IPHONEOS_DEPLOYMENT_TARGET = 16.4;
				MTL_ENABLE_DEBUG_INFO = INCLUDE_SOURCE;
				MTL_FAST_MATH = YES;
				ONLY_ACTIVE_ARCH = YES;
				SDKROOT = iphoneos;
				SWIFT_ACTIVE_COMPILATION_CONDITIONS = DEBUG;
				SWIFT_OPTIMIZATION_LEVEL = "-Onone";
			};
			name = Debug;
		};
		5B571EA92AA641BB0026EAF6 /* Release */ = {
			isa = XCBuildConfiguration;
			buildSettings = {
				ALWAYS_SEARCH_USER_PATHS = NO;
				CLANG_ANALYZER_NONNULL = YES;
				CLANG_ANALYZER_NUMBER_OBJECT_CONVERSION = YES_AGGRESSIVE;
				CLANG_CXX_LANGUAGE_STANDARD = "gnu++20";
				CLANG_ENABLE_MODULES = YES;
				CLANG_ENABLE_OBJC_ARC = YES;
				CLANG_ENABLE_OBJC_WEAK = YES;
				CLANG_WARN_BLOCK_CAPTURE_AUTORELEASING = YES;
				CLANG_WARN_BOOL_CONVERSION = YES;
				CLANG_WARN_COMMA = YES;
				CLANG_WARN_CONSTANT_CONVERSION = YES;
				CLANG_WARN_DEPRECATED_OBJC_IMPLEMENTATIONS = YES;
				CLANG_WARN_DIRECT_OBJC_ISA_USAGE = YES_ERROR;
				CLANG_WARN_DOCUMENTATION_COMMENTS = YES;
				CLANG_WARN_EMPTY_BODY = YES;
				CLANG_WARN_ENUM_CONVERSION = YES;
				CLANG_WARN_INFINITE_RECURSION = YES;
				CLANG_WARN_INT_CONVERSION = YES;
				CLANG_WARN_NON_LITERAL_NULL_CONVERSION = YES;
				CLANG_WARN_OBJC_IMPLICIT_RETAIN_SELF = YES;
				CLANG_WARN_OBJC_LITERAL_CONVERSION = YES;
				CLANG_WARN_OBJC_ROOT_CLASS = YES_ERROR;
				CLANG_WARN_QUOTED_INCLUDE_IN_FRAMEWORK_HEADER = YES;
				CLANG_WARN_RANGE_LOOP_ANALYSIS = YES;
				CLANG_WARN_STRICT_PROTOTYPES = YES;
				CLANG_WARN_SUSPICIOUS_MOVE = YES;
				CLANG_WARN_UNGUARDED_AVAILABILITY = YES_AGGRESSIVE;
				CLANG_WARN_UNREACHABLE_CODE = YES;
				CLANG_WARN__DUPLICATE_METHOD_MATCH = YES;
				COPY_PHASE_STRIP = NO;
				DEBUG_INFORMATION_FORMAT = "dwarf-with-dsym";
				ENABLE_NS_ASSERTIONS = NO;
				ENABLE_STRICT_OBJC_MSGSEND = YES;
				GCC_C_LANGUAGE_STANDARD = gnu11;
				GCC_NO_COMMON_BLOCKS = YES;
				GCC_WARN_64_TO_32_BIT_CONVERSION = YES;
				GCC_WARN_ABOUT_RETURN_TYPE = YES_ERROR;
				GCC_WARN_UNDECLARED_SELECTOR = YES;
				GCC_WARN_UNINITIALIZED_AUTOS = YES_AGGRESSIVE;
				GCC_WARN_UNUSED_FUNCTION = YES;
				GCC_WARN_UNUSED_VARIABLE = YES;
				IPHONEOS_DEPLOYMENT_TARGET = 16.4;
				MTL_ENABLE_DEBUG_INFO = NO;
				MTL_FAST_MATH = YES;
				SDKROOT = iphoneos;
				SWIFT_COMPILATION_MODE = wholemodule;
				SWIFT_OPTIMIZATION_LEVEL = "-O";
				VALIDATE_PRODUCT = YES;
			};
			name = Release;
		};
		5B571EAB2AA641BB0026EAF6 /* Debug */ = {
			isa = XCBuildConfiguration;
			buildSettings = {
				ASSETCATALOG_COMPILER_APPICON_NAME = AppIcon;
				ASSETCATALOG_COMPILER_GLOBAL_ACCENT_COLOR_NAME = AccentColor;
				CODE_SIGN_STYLE = Automatic;
				CURRENT_PROJECT_VERSION = 1;
				DEVELOPMENT_TEAM = H3ZC655F2U;
				GENERATE_INFOPLIST_FILE = YES;
				INFOPLIST_FILE = AmericanDream/Info.plist;
				INFOPLIST_KEY_UIApplicationSupportsIndirectInputEvents = YES;
				INFOPLIST_KEY_UILaunchStoryboardName = LaunchScreen;
				INFOPLIST_KEY_UIMainStoryboardFile = Main;
				INFOPLIST_KEY_UISupportedInterfaceOrientations_iPad = "UIInterfaceOrientationPortrait UIInterfaceOrientationPortraitUpsideDown UIInterfaceOrientationLandscapeLeft UIInterfaceOrientationLandscapeRight";
				INFOPLIST_KEY_UISupportedInterfaceOrientations_iPhone = "UIInterfaceOrientationPortrait UIInterfaceOrientationLandscapeLeft UIInterfaceOrientationLandscapeRight";
				LD_RUNPATH_SEARCH_PATHS = (
					"$(inherited)",
					"@executable_path/Frameworks",
				);
				MARKETING_VERSION = 1.0;
				PRODUCT_BUNDLE_IDENTIFIER = com.asurastudios.AmericanDream;
				PRODUCT_NAME = "$(TARGET_NAME)";
				SWIFT_EMIT_LOC_STRINGS = YES;
				SWIFT_VERSION = 5.0;
				TARGETED_DEVICE_FAMILY = "1,2";
			};
			name = Debug;
		};
		5B571EAC2AA641BB0026EAF6 /* Release */ = {
			isa = XCBuildConfiguration;
			buildSettings = {
				ASSETCATALOG_COMPILER_APPICON_NAME = AppIcon;
				ASSETCATALOG_COMPILER_GLOBAL_ACCENT_COLOR_NAME = AccentColor;
				CODE_SIGN_STYLE = Automatic;
				CURRENT_PROJECT_VERSION = 1;
				DEVELOPMENT_TEAM = H3ZC655F2U;
				GENERATE_INFOPLIST_FILE = YES;
				INFOPLIST_FILE = AmericanDream/Info.plist;
				INFOPLIST_KEY_UIApplicationSupportsIndirectInputEvents = YES;
				INFOPLIST_KEY_UILaunchStoryboardName = LaunchScreen;
				INFOPLIST_KEY_UIMainStoryboardFile = Main;
				INFOPLIST_KEY_UISupportedInterfaceOrientations_iPad = "UIInterfaceOrientationPortrait UIInterfaceOrientationPortraitUpsideDown UIInterfaceOrientationLandscapeLeft UIInterfaceOrientationLandscapeRight";
				INFOPLIST_KEY_UISupportedInterfaceOrientations_iPhone = "UIInterfaceOrientationPortrait UIInterfaceOrientationLandscapeLeft UIInterfaceOrientationLandscapeRight";
				LD_RUNPATH_SEARCH_PATHS = (
					"$(inherited)",
					"@executable_path/Frameworks",
				);
				MARKETING_VERSION = 1.0;
				PRODUCT_BUNDLE_IDENTIFIER = com.asurastudios.AmericanDream;
				PRODUCT_NAME = "$(TARGET_NAME)";
				SWIFT_EMIT_LOC_STRINGS = YES;
				SWIFT_VERSION = 5.0;
				TARGETED_DEVICE_FAMILY = "1,2";
			};
			name = Release;
		};
		5BFA57A32AB3A68100CA14CE /* Debug */ = {
			isa = XCBuildConfiguration;
			buildSettings = {
				BUNDLE_LOADER = "$(TEST_HOST)";
				CLANG_ENABLE_MODULES = YES;
				CODE_SIGN_STYLE = Automatic;
				CURRENT_PROJECT_VERSION = 1;
				DEVELOPMENT_TEAM = H3ZC655F2U;
				GENERATE_INFOPLIST_FILE = YES;
				MARKETING_VERSION = 1.0;
				PRODUCT_BUNDLE_IDENTIFIER = com.asurastudios.AmericanDreamTests;
				PRODUCT_NAME = "$(TARGET_NAME)";
				SWIFT_EMIT_LOC_STRINGS = NO;
				SWIFT_OPTIMIZATION_LEVEL = "-Onone";
				SWIFT_VERSION = 5.0;
				TARGETED_DEVICE_FAMILY = "1,2";
				TEST_HOST = "$(BUILT_PRODUCTS_DIR)/AmericanDream.app/$(BUNDLE_EXECUTABLE_FOLDER_PATH)/AmericanDream";
			};
			name = Debug;
		};
		5BFA57A42AB3A68100CA14CE /* Release */ = {
			isa = XCBuildConfiguration;
			buildSettings = {
				BUNDLE_LOADER = "$(TEST_HOST)";
				CLANG_ENABLE_MODULES = YES;
				CODE_SIGN_STYLE = Automatic;
				CURRENT_PROJECT_VERSION = 1;
				DEVELOPMENT_TEAM = H3ZC655F2U;
				GENERATE_INFOPLIST_FILE = YES;
				MARKETING_VERSION = 1.0;
				PRODUCT_BUNDLE_IDENTIFIER = com.asurastudios.AmericanDreamTests;
				PRODUCT_NAME = "$(TARGET_NAME)";
				SWIFT_EMIT_LOC_STRINGS = NO;
				SWIFT_VERSION = 5.0;
				TARGETED_DEVICE_FAMILY = "1,2";
				TEST_HOST = "$(BUILT_PRODUCTS_DIR)/AmericanDream.app/$(BUNDLE_EXECUTABLE_FOLDER_PATH)/AmericanDream";
			};
			name = Release;
		};
/* End XCBuildConfiguration section */

/* Begin XCConfigurationList section */
		5B571E912AA641B90026EAF6 /* Build configuration list for PBXProject "AmericanDream" */ = {
			isa = XCConfigurationList;
			buildConfigurations = (
				5B571EA82AA641BB0026EAF6 /* Debug */,
				5B571EA92AA641BB0026EAF6 /* Release */,
			);
			defaultConfigurationIsVisible = 0;
			defaultConfigurationName = Release;
		};
		5B571EAA2AA641BB0026EAF6 /* Build configuration list for PBXNativeTarget "AmericanDream" */ = {
			isa = XCConfigurationList;
			buildConfigurations = (
				5B571EAB2AA641BB0026EAF6 /* Debug */,
				5B571EAC2AA641BB0026EAF6 /* Release */,
			);
			defaultConfigurationIsVisible = 0;
			defaultConfigurationName = Release;
		};
		5BFA57A22AB3A68100CA14CE /* Build configuration list for PBXNativeTarget "AmericanDreamTests" */ = {
			isa = XCConfigurationList;
			buildConfigurations = (
				5BFA57A32AB3A68100CA14CE /* Debug */,
				5BFA57A42AB3A68100CA14CE /* Release */,
			);
			defaultConfigurationIsVisible = 0;
			defaultConfigurationName = Release;
		};
/* End XCConfigurationList section */
	};
	rootObject = 5B571E8E2AA641B90026EAF6 /* Project object */;
}
